
Microsoft Visual Studio Solution File, Format Version 12.00
# Visual Studio 15
VisualStudioVersion = 15.0.28307.106
MinimumVisualStudioVersion = 10.0.40219.1
Project("{FAE04EC0-301F-11D3-BF4B-00C04F79EFBC}") = "CalculatorWebAPI", "CalculatorWebAPI\CalculatorWebAPI.csproj", "{603C5BE1-6737-4935-AD2F-28B5743CF068}"
EndProject
Global
	GlobalSection(SolutionConfigurationPlatforms) = preSolution
		Debug|Any CPU = Debug|Any CPU
		Release|Any CPU = Release|Any CPU
	EndGlobalSection
	GlobalSection(ProjectConfigurationPlatforms) = postSolution
		{603C5BE1-6737-4935-AD2F-28B5743CF068}.Debug|Any CPU.ActiveCfg = Debug|Any CPU
		{603C5BE1-6737-4935-AD2F-28B5743CF068}.Debug|Any CPU.Build.0 = Debug|Any CPU
		{603C5BE1-6737-4935-AD2F-28B5743CF068}.Release|Any CPU.ActiveCfg = Release|Any CPU
		{603C5BE1-6737-4935-AD2F-28B5743CF068}.Release|Any CPU.Build.0 = Release|Any CPU
	EndGlobalSection
	GlobalSection(SolutionProperties) = preSolution
		HideSolutionNode = FALSE
	EndGlobalSection
	GlobalSection(ExtensibilityGlobals) = postSolution
		SolutionGuid = {A2ED33C0-2BC9-4482-AA27-7B10F018563C}
	EndGlobalSection
EndGlobal
